
Microsoft Visual Studio Solution File, Format Version 12.00
# Visual Studio 15
VisualStudioVersion = 15.0.28307.852
MinimumVisualStudioVersion = 10.0.40219.1
Project("{FAE04EC0-301F-11D3-BF4B-00C04F79EFBC}") = "EmlakOtomasyonuClassLibrary", "EmlakOtomasyonuClassLibrary.csproj", "{10016A3E-6FC8-46E3-AF88-B0AB4A60E7D2}"
EndProject
Project("{FAE04EC0-301F-11D3-BF4B-00C04F79EFBC}") = "EmlakClassLibrary", "..\EmlakClassLibrary\EmlakClassLibrary.csproj", "{200BD9A7-AA43-4ADF-A8C0-7B6C06B5065F}"
EndProject
Global
	GlobalSection(SolutionConfigurationPlatforms) = preSolution
		Debug|Any CPU = Debug|Any CPU
		Release|Any CPU = Release|Any CPU
	EndGlobalSection
	GlobalSection(ProjectConfigurationPlatforms) = postSolution
		{10016A3E-6FC8-46E3-AF88-B0AB4A60E7D2}.Debug|Any CPU.ActiveCfg = Debug|Any CPU
		{10016A3E-6FC8-46E3-AF88-B0AB4A60E7D2}.Debug|Any CPU.Build.0 = Debug|Any CPU
		{10016A3E-6FC8-46E3-AF88-B0AB4A60E7D2}.Release|Any CPU.ActiveCfg = Release|Any CPU
		{10016A3E-6FC8-46E3-AF88-B0AB4A60E7D2}.Release|Any CPU.Build.0 = Release|Any CPU
		{200BD9A7-AA43-4ADF-A8C0-7B6C06B5065F}.Debug|Any CPU.ActiveCfg = Debug|Any CPU
		{200BD9A7-AA43-4ADF-A8C0-7B6C06B5065F}.Debug|Any CPU.Build.0 = Debug|Any CPU
		{200BD9A7-AA43-4ADF-A8C0-7B6C06B5065F}.Release|Any CPU.ActiveCfg = Release|Any CPU
		{200BD9A7-AA43-4ADF-A8C0-7B6C06B5065F}.Release|Any CPU.Build.0 = Release|Any CPU
	EndGlobalSection
	GlobalSection(SolutionProperties) = preSolution
		HideSolutionNode = FALSE
	EndGlobalSection
	GlobalSection(ExtensibilityGlobals) = postSolution
		SolutionGuid = {BCD52D51-321A-433B-BF1B-A1DBBFB336EA}
	EndGlobalSection
EndGlobal
